# This file is autogenerated, do not edit; changes may be undone by the next 'dep ensure'.


[[projects]]
  name = "github.com/go-sql-driver/mysql"
  packages = ["."]
  revision = "d523deb1b23d913de5bdada721a6071e71283618"
  version = "v1.4.0"

[[projects]]
  branch = "master"
  name = "github.com/golang/glog"
  packages = ["."]
  revision = "23def4e6c14b4da8ac2ed8007337bc5eb5007998"

[[projects]]
  name = "google.golang.org/appengine"
  packages = ["cloudsql"]
  revision = "b1f26356af11148e710935ed1ac8a7f5702c7612"
  version = "v1.1.0"

[solve-meta]
  analyzer-name = "dep"
  analyzer-version = 1
  inputs-digest = "327aa744e0bdf681a2821c263051cf9a439bbf983c083aac9303035410ab3802"
  solver-name = "gps-cdcl"
  solver-version = 1
